{
  "version": "2",
  "remote": {
    "https://deno.land/std@0.194.0/fmt/colors.ts": "d67e3cd9f472535241a8e410d33423980bec45047e343577554d3356e1f0ef4e",
    "https://deno.land/std@0.194.0/testing/_diff.ts": "1a3c044aedf77647d6cac86b798c6417603361b66b54c53331b312caeb447aea",
    "https://deno.land/std@0.194.0/testing/_format.ts": "a69126e8a469009adf4cf2a50af889aca364c349797e63174884a52ff75cf4c7",
    "https://deno.land/std@0.194.0/testing/asserts.ts": "056d571baaefc7f13af3e29ad6a66d4dbe5355d3cb2ae130e7d2a1b1e01085e3",
    "https://deno.land/std@0.85.0/async/deferred.ts": "f89ed49ba5e1dd0227c6bd5b23f017be46c3f92e4f0338dda08ff5aa54b9f6c9",
    "https://deno.land/std@0.85.0/async/delay.ts": "9de1d8d07d1927767ab7f82434b883f3d8294fb19cad819691a2ad81a728cf3d",
    "https://deno.land/std@0.85.0/async/mod.ts": "253b41c658d768613eacfb11caa0a9ca7148442f932018a45576f7f27554c853",
    "https://deno.land/std@0.85.0/async/mux_async_iterator.ts": "b9091909db04cdb0af6f7807677372f64c1488de6c4bd86004511b064bf230d6",
    "https://deno.land/std@0.85.0/async/pool.ts": "876f9e6815366cd017a3b4fbb9e9ae40310b1b6972f1bd541c94358bc11fb7e5",
    "https://deno.land/std@0.85.0/fmt/colors.ts": "d253f2367e5feebcf0f49676533949c09ea07a2d95fb74958f6f5c1c22fbec49",
    "https://deno.land/std@0.85.0/node/_errors.ts": "d56c7161f0734874e14547e11301749965b295aadeceaed3409911b725ea9972",
    "https://deno.land/std@0.85.0/node/_util/_util_callbackify.ts": "f2ac50a47572dde37612a52c7b337afeefb6faafdb849184487e06436334a5ab",
    "https://deno.land/std@0.85.0/node/_util/_util_promisify.ts": "2ad6efe685f73443d5ed6ae009999789a8de4a0f01e6d2afdf242b4515477ee2",
    "https://deno.land/std@0.85.0/node/_util/_util_types.ts": "ae3d21e07c975f06590ab80bbde8173670d70ff40546267c0c1df869fc2ff00c",
    "https://deno.land/std@0.85.0/node/_utils.ts": "067c386d676432e9418808851e8de72df7774f009a652904f62358b4c94504cf",
    "https://deno.land/std@0.85.0/node/assert.ts": "4753ee772bc9916eb73c7895c520c81fb0061dd11d6dd843c2f1fb1f2ba7ab93",
    "https://deno.land/std@0.85.0/node/assertion_error.ts": "4d33bdc3ac43c5627c82aa6ef532b6356649776677098cade1a1f68b6fd935af",
    "https://deno.land/std@0.85.0/node/util.ts": "7d51a34ed05293c23295560c8147bad0f5201fccd066ccba3f1588e635d19cd1",
    "https://deno.land/std@0.85.0/testing/_diff.ts": "961eaf6d9f5b0a8556c9d835bbc6fa74f5addd7d3b02728ba7936ff93364f7a3",
    "https://deno.land/std@0.85.0/testing/asserts.ts": "de942b2e1cb6dac1c1c4a7b698be017337e2e2cc2252ae0a6d215c5befde1e82",
    "https://deno.land/x/iteruyo@v0.3.0/mod.ts": "8c279bef4354e26a79dbfd49abb9156e01ddc1f0cf2858c1c3efcfe4e98c7b47",
    "https://denopkg.com/jabo-lang/antlr4ts-deno@master/mod.ts": "2a66f2dee45208105ed887581e437ffa6a155649a7f5a94af9c9b9ea00fa3889",
    "https://denopkg.com/jabo-lang/antlr4ts-deno@master/src/ANTLRErrorListener.ts": "d9e4b8a80f977ffc48c38d324ab347bc6ec087ad204ba6d13a047a9b5d71e162",
    "https://denopkg.com/jabo-lang/antlr4ts-deno@master/src/ANTLRErrorStrategy.ts": "920e3026661b3c21ae5bb736517cf0a6200e41f8352fb9854e9805aac5f375e4",
    "https://denopkg.com/jabo-lang/antlr4ts-deno@master/src/ANTLRInputStream.ts": "3cf362684bf46e57987d2b22c77faba6a4e3fc39a51509cb621b2e349909b482",
    "https://denopkg.com/jabo-lang/antlr4ts-deno@master/src/BailErrorStrategy.ts": "956da73e1e9aa4032547a95d66f191a2119acb8b7b7be8198d0d017cc0f7bad2",
    "https://denopkg.com/jabo-lang/antlr4ts-deno@master/src/BufferedTokenStream.ts": "220a3e5ed8a6d456e7850edc8b68c3b3a97e2042a4143f41731b432e31530550",
    "https://denopkg.com/jabo-lang/antlr4ts-deno@master/src/CharStream.ts": "362654028ac89dcc0979554ecbcffa0b7b511388ad915fb225712a2b9421fd6f",
    "https://denopkg.com/jabo-lang/antlr4ts-deno@master/src/CharStreams.ts": "156fb43ad2d1fca51f9ca88426e35d502a1dadbc640612a3d30a2bdd2f832504",
    "https://denopkg.com/jabo-lang/antlr4ts-deno@master/src/CodePointBuffer.ts": "a7e034f376c83853ff0e734c24ed1fd019993bae9a6edc50e60255f46857e875",
    "https://denopkg.com/jabo-lang/antlr4ts-deno@master/src/CodePointCharStream.ts": "632834e7b4405e0be519b855c8bf1c411514dbcb4dbdede4db0534337d16ca09",
    "https://denopkg.com/jabo-lang/antlr4ts-deno@master/src/CommonToken.ts": "db0291e64fdbe6c39712f9947c4a3accab2a06d2347fc172f331b67581077473",
    "https://denopkg.com/jabo-lang/antlr4ts-deno@master/src/CommonTokenFactory.ts": "a7b22aae8386898bd39118e13dd86a141da60f4a6824f0691d18b2a86d4bd4e6",
    "https://denopkg.com/jabo-lang/antlr4ts-deno@master/src/CommonTokenStream.ts": "49b9ff04d734283c5eab8b15963c9f2a88044df930fea5f0621c9999f6cf9ecb",
    "https://denopkg.com/jabo-lang/antlr4ts-deno@master/src/ConsoleErrorListener.ts": "48edcbb444dc2809a1adf74e507e8da75f5f8c25492da66aa637fc4d67f97d39",
    "https://denopkg.com/jabo-lang/antlr4ts-deno@master/src/Decorators.ts": "96f8a05bc4034ba73b78ce2cd3ed7d354b760030b17b31158554c027acee2d62",
    "https://denopkg.com/jabo-lang/antlr4ts-deno@master/src/DefaultErrorStrategy.ts": "9466bfa94c6139e29ee662f1b5efef169472a5bc1d0d2f7c815705f50fae994c",
    "https://denopkg.com/jabo-lang/antlr4ts-deno@master/src/Dependents.ts": "cf1dc68744c7b92da467c69a88873990255f781e99245b8562e1116fb9f4b16a",
    "https://denopkg.com/jabo-lang/antlr4ts-deno@master/src/DiagnosticErrorListener.ts": "a2f531434a1478f3463583c710f546c3ff2fd2919054c3c1d955684be7afd1ca",
    "https://denopkg.com/jabo-lang/antlr4ts-deno@master/src/FailedPredicateException.ts": "0e5ed2fab7ff7991a0ec8d350f2e7faebb04a87922fcf8c764b262d6cdff72d4",
    "https://denopkg.com/jabo-lang/antlr4ts-deno@master/src/InputMismatchException.ts": "548245ef34145ff58c19e34ee180429d118b0ecc736ac4eaff9fffc59deef614",
    "https://denopkg.com/jabo-lang/antlr4ts-deno@master/src/IntStream.ts": "a7cfac4f9e36439194463d281c982d8f3339bb4ecfb6f8d23971f0473e689c95",
    "https://denopkg.com/jabo-lang/antlr4ts-deno@master/src/InterpreterRuleContext.ts": "c1a01641706ba4d4b2c4a4e1a2f727fdf59a33bd0b1fbcda3ba64e86f239f7b2",
    "https://denopkg.com/jabo-lang/antlr4ts-deno@master/src/Lexer.ts": "ca9d0e1ecd29c764a736dfd37f6ac85f57628672144898d347e28600e27ec522",
    "https://denopkg.com/jabo-lang/antlr4ts-deno@master/src/LexerInterpreter.ts": "505e227cf4f4ae8d7d2f97839eaca9c428fc0ffad7740cc463d5f6e64af437de",
    "https://denopkg.com/jabo-lang/antlr4ts-deno@master/src/LexerNoViableAltException.ts": "11365093b6c27a8f1776ea1a6f177452057cdd11ea27f69b0ee84ab2b48f6f9e",
    "https://denopkg.com/jabo-lang/antlr4ts-deno@master/src/ListTokenSource.ts": "afdc8b40ecb2e45e6fa2a46f2b1a2583b2ca2b4517be69e8fcc1efd75fad8131",
    "https://denopkg.com/jabo-lang/antlr4ts-deno@master/src/NoViableAltException.ts": "4a2fca6bca292f9fc76211a7945fedd30e7d76d1d0775fd2e0a82b2b8d559063",
    "https://denopkg.com/jabo-lang/antlr4ts-deno@master/src/Parser.ts": "c6c9f0fd3a42551c9e0164c8a443673539d9f571725fad741b2392c14857f93b",
    "https://denopkg.com/jabo-lang/antlr4ts-deno@master/src/ParserErrorListener.ts": "30487896c83a743552f67f926fcd9bb2a173f441c800e934851e53dcf2a9218a",
    "https://denopkg.com/jabo-lang/antlr4ts-deno@master/src/ParserInterpreter.ts": "5075a29da97ca8e1f14d7b961e9683a94841ffb24588e8bee314a48acfd193bb",
    "https://denopkg.com/jabo-lang/antlr4ts-deno@master/src/ParserRuleContext.ts": "fe8d0d14fea562d9ca2bf036d6f197f5cb9515b9d27b0e12bf3827bb8f35555b",
    "https://denopkg.com/jabo-lang/antlr4ts-deno@master/src/ProxyErrorListener.ts": "eae30caeb008e448d217575ce2963ae167da82a28cdacbff7841e1c916e1af62",
    "https://denopkg.com/jabo-lang/antlr4ts-deno@master/src/ProxyParserErrorListener.ts": "7141233ec242be92d44436bed0821ebd930dfba19f51a1421ccb1b8aa5a9e884",
    "https://denopkg.com/jabo-lang/antlr4ts-deno@master/src/RecognitionException.ts": "29765be3d7d0b8cde29ef2a5b0516c765bcc1af8eaa9685f719d1fd1aad81ed3",
    "https://denopkg.com/jabo-lang/antlr4ts-deno@master/src/Recognizer.ts": "b6f376ce66ba439c5310938bb2023d1055adb4ea1489cf2aa089bd446ee47e3b",
    "https://denopkg.com/jabo-lang/antlr4ts-deno@master/src/RuleContext.ts": "1c5b1007ab67a064527609ea71718a196bed3e39b391f9878e1a1ab89e4749ea",
    "https://denopkg.com/jabo-lang/antlr4ts-deno@master/src/RuleContextWithAltNum.ts": "de7e0ec2c2ad425610a68d63010cd02a2d9588ec56e2ef8442ca7633adaee4f4",
    "https://denopkg.com/jabo-lang/antlr4ts-deno@master/src/RuleDependency.ts": "c2bc1d610ba9c36fa32d41846a99ee381bb6cc2044f0ef8f8e6cccf7f12e2745",
    "https://denopkg.com/jabo-lang/antlr4ts-deno@master/src/RuleVersion.ts": "9ca9f07447f110f773cd0c121c6ff49c29c7695b8711fda0a6b546f1f98a9a3c",
    "https://denopkg.com/jabo-lang/antlr4ts-deno@master/src/Token.ts": "81b76c019822158fa473690a59eac378c2f1c0bf31a00e5c70905f60aafef809",
    "https://denopkg.com/jabo-lang/antlr4ts-deno@master/src/TokenFactory.ts": "4a69de4034d3423eee45c96d32d06388717c4c7609657b1f31557e9c2512475f",
    "https://denopkg.com/jabo-lang/antlr4ts-deno@master/src/TokenSource.ts": "01bdf79fbe574e958821b4c8e6240831ca124ecde4b64b9ede447ae14c65f6c6",
    "https://denopkg.com/jabo-lang/antlr4ts-deno@master/src/TokenStream.ts": "7220b8c0df8f0419cdc3961097d45e56c655d3c58cbe42ace19e76f29494c8a1",
    "https://denopkg.com/jabo-lang/antlr4ts-deno@master/src/TokenStreamRewriter.ts": "e857ebf0b6991f2dae1016ebbb9c2b5fbb32ccdf0c6015cbeee911bd801ab25f",
    "https://denopkg.com/jabo-lang/antlr4ts-deno@master/src/Vocabulary.ts": "b805d0418a41f34eb7a54945157fcaadb34c80234aecc21838b1150c40b680f4",
    "https://denopkg.com/jabo-lang/antlr4ts-deno@master/src/VocabularyImpl.ts": "807caaf56046f99076bbfe6fec876d4f56ffc247bf219885db6a098aa934fa94",
    "https://denopkg.com/jabo-lang/antlr4ts-deno@master/src/WritableToken.ts": "11a9582a48a9caf23a487b4ad62aa1921e481a1963e9a23553f9fc53b092318d",
    "https://denopkg.com/jabo-lang/antlr4ts-deno@master/src/atn/ATN.ts": "275cf8e2a0cc52d99e2378a8f26ed44e50038bc8e2dc372de27bbc2948cd97eb",
    "https://denopkg.com/jabo-lang/antlr4ts-deno@master/src/atn/ATNConfig.ts": "e6f16d327b663b0cccb5a2e2ac6ee3ed03a03d44641e3d0e3bf96b064cbaa191",
    "https://denopkg.com/jabo-lang/antlr4ts-deno@master/src/atn/ATNConfigSet.ts": "5d19e1f0a4b95a56900f293c9d5b7f842dcd5f1d0639deac0ac52231a0d1313f",
    "https://denopkg.com/jabo-lang/antlr4ts-deno@master/src/atn/ATNDeserializationOptions.ts": "7c7f537de631699ce5b45eb732ea85309e402e973069a3a01e27ddd9cd99ec5d",
    "https://denopkg.com/jabo-lang/antlr4ts-deno@master/src/atn/ATNDeserializer.ts": "2066ffb952148cd10a71571122abce44543df450a3624a9f00b1b4f2f2e7b62c",
    "https://denopkg.com/jabo-lang/antlr4ts-deno@master/src/atn/ATNSimulator.ts": "b1b5395b0d7b139ef7ad4688d4800321e71b6e3534d572a0f3ceb1572233bc21",
    "https://denopkg.com/jabo-lang/antlr4ts-deno@master/src/atn/ATNState.ts": "145cafdebc9cd6fc7ed419498eee4f0b823a226c8f1020f04d12899c2e8bafc3",
    "https://denopkg.com/jabo-lang/antlr4ts-deno@master/src/atn/ATNStateType.ts": "25a1081f2a9d83e8e6485a13f5cf833a34d58e84e852d99b6345504ede709339",
    "https://denopkg.com/jabo-lang/antlr4ts-deno@master/src/atn/ATNType.ts": "37d99bf15663f31a24f25696c62a122007d67ce497d2d79b073e4591c1d3e10b",
    "https://denopkg.com/jabo-lang/antlr4ts-deno@master/src/atn/AbstractPredicateTransition.ts": "d579d5880505395f5f7ffe21cb74055369f1f2217a9773d44c58ec6686699bfe",
    "https://denopkg.com/jabo-lang/antlr4ts-deno@master/src/atn/ActionTransition.ts": "58473e394b17fbcc569356f7bbc18464838bf75c3d0e39319ce73fa671b9c3f0",
    "https://denopkg.com/jabo-lang/antlr4ts-deno@master/src/atn/AtomTransition.ts": "7477941339660755c2eaffa988c8005c384db815cf08d9ee337d1ec9419d1a29",
    "https://denopkg.com/jabo-lang/antlr4ts-deno@master/src/atn/BasicBlockStartState.ts": "80380e292b6671613f1c8a16018d1d2ab8b03ef53064b6529ee8fdbb211dd2fb",
    "https://denopkg.com/jabo-lang/antlr4ts-deno@master/src/atn/BasicState.ts": "7d4e7ca6554816c495e2bdeaca6062264050a420d1ccf705842fd75b23815a17",
    "https://denopkg.com/jabo-lang/antlr4ts-deno@master/src/atn/BlockEndState.ts": "6f75777eb3ed114b5aed242f4351bda1f277aff5dd80a49d58adf75799d761f8",
    "https://denopkg.com/jabo-lang/antlr4ts-deno@master/src/atn/BlockStartState.ts": "7bc6acf3a79ef1ab4890f4213ce9e67f81fd94e8659d98175a5d57b242b38910",
    "https://denopkg.com/jabo-lang/antlr4ts-deno@master/src/atn/ConflictInfo.ts": "cdafc2d976d9b1c037c09b93d2609b8443fc57bc335ab9d4ca39f58820a77cb0",
    "https://denopkg.com/jabo-lang/antlr4ts-deno@master/src/atn/DecisionState.ts": "15ecedea0ca8fbc3f508a76f8aef355d8992a9d1ab0b3ed6f73ce9f0a8ce9610",
    "https://denopkg.com/jabo-lang/antlr4ts-deno@master/src/atn/EpsilonTransition.ts": "83297b2ed52d6364bd3e2da7089c8451c7f7b8400c9b0a6efb6abd14b87c574f",
    "https://denopkg.com/jabo-lang/antlr4ts-deno@master/src/atn/InvalidState.ts": "ee981886da73e427b13535a1672252ca62ab7e711d87cec7f198c9766226f695",
    "https://denopkg.com/jabo-lang/antlr4ts-deno@master/src/atn/LL1Analyzer.ts": "db92e93d895ea6fdf12ba470fc9a15a70fa356bc62c24de95241ad36fab4f13d",
    "https://denopkg.com/jabo-lang/antlr4ts-deno@master/src/atn/LexerATNSimulator.ts": "3c748a399fab8efcefe4af300a43ee49ee07f40a8ebe54c4f81c5c53c289e6be",
    "https://denopkg.com/jabo-lang/antlr4ts-deno@master/src/atn/LexerAction.ts": "33709a6ae839984271e436e6fc2aa356a7b007dfa32c52a052b02cd50396c06a",
    "https://denopkg.com/jabo-lang/antlr4ts-deno@master/src/atn/LexerActionExecutor.ts": "75d8dc19de28bb8d5488f97178ace9b86d6f2a3b08df8cb38281ee29d873ddbc",
    "https://denopkg.com/jabo-lang/antlr4ts-deno@master/src/atn/LexerActionType.ts": "83b36798161bcde91ce9346f6b556fb2ebc934a8b265eec90cf3a0b21464c28e",
    "https://denopkg.com/jabo-lang/antlr4ts-deno@master/src/atn/LexerChannelAction.ts": "e72ebda6f13ed1e956f1ba8a15ec26fd2fa1422828ff08468e50a80130e67bf5",
    "https://denopkg.com/jabo-lang/antlr4ts-deno@master/src/atn/LexerCustomAction.ts": "065c820f70296a9d433498e5a539760e3aca500d3b74995e0e8ca93d1a4749ee",
    "https://denopkg.com/jabo-lang/antlr4ts-deno@master/src/atn/LexerIndexedCustomAction.ts": "916c6ea0a7a91b987c66c122a49058f25d86e2ebe2d3a8844cbf785688905fbb",
    "https://denopkg.com/jabo-lang/antlr4ts-deno@master/src/atn/LexerModeAction.ts": "d7faa4ea7721c366fa4af129ae5370db5b79aae0ea5c534019d1dd00b39c46c5",
    "https://denopkg.com/jabo-lang/antlr4ts-deno@master/src/atn/LexerMoreAction.ts": "18f2e4b18f692d5214b9d7ea4aaac8706bff14676b3b8b432fdb4ca0feebe5b8",
    "https://denopkg.com/jabo-lang/antlr4ts-deno@master/src/atn/LexerPopModeAction.ts": "62cdb808a59752eda7df325863a89ab35a26381604aed2442fc5436a71a5c509",
    "https://denopkg.com/jabo-lang/antlr4ts-deno@master/src/atn/LexerPushModeAction.ts": "6ee83a10081bd8652304163927b808844acc1c2fc146c56b67f5df81ef232905",
    "https://denopkg.com/jabo-lang/antlr4ts-deno@master/src/atn/LexerSkipAction.ts": "4bc871ed3980039f49013df218718c665d840e10ce9e6b5cb8114b9922e2b49f",
    "https://denopkg.com/jabo-lang/antlr4ts-deno@master/src/atn/LexerTypeAction.ts": "d0b691d05f9958199c08ea630ada27be694d5f64a4de1f9d55666e220f1db083",
    "https://denopkg.com/jabo-lang/antlr4ts-deno@master/src/atn/LoopEndState.ts": "83b3ee5f6545d101fe08353a4b71d3a3c20e95971e6253203598c18c00805d09",
    "https://denopkg.com/jabo-lang/antlr4ts-deno@master/src/atn/NotSetTransition.ts": "c8c85cb4845d52eb241d8e3ba46112d5fb1a0a9ccf65591b7a399d2de0f56a1c",
    "https://denopkg.com/jabo-lang/antlr4ts-deno@master/src/atn/OrderedATNConfigSet.ts": "bc1e3239912ab66652bbce0fb6c6020b2067e0a5bef7a67e5c53513e3d217039",
    "https://denopkg.com/jabo-lang/antlr4ts-deno@master/src/atn/ParserATNSimulator.ts": "cc8581c3e2d1a4d78f6005a16ab852c65a9fc54930275df3123f7e2b21629f17",
    "https://denopkg.com/jabo-lang/antlr4ts-deno@master/src/atn/PlusBlockStartState.ts": "87e297aab117113ccd7345fb5db3e6bab0af9fbe05f794c88b5246119e33143e",
    "https://denopkg.com/jabo-lang/antlr4ts-deno@master/src/atn/PlusLoopbackState.ts": "7b14f8b27cab473a1f0c726d13d5a900ed104c99bb3cb505f434b9c16b28baa3",
    "https://denopkg.com/jabo-lang/antlr4ts-deno@master/src/atn/PrecedencePredicateTransition.ts": "80eac516f9f1b9cf0b803fb8b8618d6b9e7aecd6798597429b1133ea6ef35a50",
    "https://denopkg.com/jabo-lang/antlr4ts-deno@master/src/atn/PredicateTransition.ts": "e676886c2086dbb626af40e6c2ada19771b65aa9f73dc146caeac598aeaec242",
    "https://denopkg.com/jabo-lang/antlr4ts-deno@master/src/atn/PredictionContext.ts": "a23e81d29d1dbfb49ab6c2f5c79631e2c53a59ede2448ad21c6393b3d92105a4",
    "https://denopkg.com/jabo-lang/antlr4ts-deno@master/src/atn/PredictionContextCache.ts": "3199144b958493961e10c946d114ceccd40448d7dba141ba4740fb95320bef82",
    "https://denopkg.com/jabo-lang/antlr4ts-deno@master/src/atn/PredictionMode.ts": "e82e6f7aa560d6e91aa1bb7da81957ea3d445be07c6954ea75b8de89c75753e2",
    "https://denopkg.com/jabo-lang/antlr4ts-deno@master/src/atn/RangeTransition.ts": "bb478a275c9ba9cf7b681042c7d681593f7181400d64aacee9b4c52d8bad7e5f",
    "https://denopkg.com/jabo-lang/antlr4ts-deno@master/src/atn/RuleStartState.ts": "f16581fcb0f74b5193cff50133a4cc7cf83546e91917992d23e64e261b542557",
    "https://denopkg.com/jabo-lang/antlr4ts-deno@master/src/atn/RuleStopState.ts": "aa9a5042a7e7faa4879b86bded053410f7dbace5bca0c35adc5216c4493cd9f0",
    "https://denopkg.com/jabo-lang/antlr4ts-deno@master/src/atn/RuleTransition.ts": "c0747ecc47f92a55ba0f41219a5461d7b95cf8a780c420e1f9f0e4f375b37970",
    "https://denopkg.com/jabo-lang/antlr4ts-deno@master/src/atn/SemanticContext.ts": "08e4e86ed6481a8c1664ba54e92977ea985e23ee1f9a480920cf5903d7d12599",
    "https://denopkg.com/jabo-lang/antlr4ts-deno@master/src/atn/SetTransition.ts": "cfdf66b83abd09480e0153507cee3e86aa3af156faf719c5c8ad89db65f73bf0",
    "https://denopkg.com/jabo-lang/antlr4ts-deno@master/src/atn/SimulatorState.ts": "83025451dd2ebbb44fc115667f0d2bc33ee166f9509d1da335e8a048058d0f52",
    "https://denopkg.com/jabo-lang/antlr4ts-deno@master/src/atn/StarBlockStartState.ts": "8dd826b7b43a79a5827be9c393559423d540c7c486b903335872c3bb9fe0cc93",
    "https://denopkg.com/jabo-lang/antlr4ts-deno@master/src/atn/StarLoopEntryState.ts": "cf5ba2b8a131a5374f85ce2539a90ecde4eb35f7a34dfaf0ccd80ef8a3545fd6",
    "https://denopkg.com/jabo-lang/antlr4ts-deno@master/src/atn/StarLoopbackState.ts": "90a1e76a301aacd9b1c706e4c5b40af3cc44436dc0fd9ee2390b48c17f97de9b",
    "https://denopkg.com/jabo-lang/antlr4ts-deno@master/src/atn/TokensStartState.ts": "2392ffdc1e0b2502f05ba7eb4c9da5f93517b00e34cb2361125a05c4d7f54dc3",
    "https://denopkg.com/jabo-lang/antlr4ts-deno@master/src/atn/Transition.ts": "3022569e6714441750d1aafe48d0996bfcb20d4f442411b333e5869c91b68e87",
    "https://denopkg.com/jabo-lang/antlr4ts-deno@master/src/atn/TransitionType.ts": "689dc79fe5cf47da2b939ac4fdff0f7e90d41b78b476db45ffe911dc1875c70d",
    "https://denopkg.com/jabo-lang/antlr4ts-deno@master/src/atn/WildcardTransition.ts": "c9d6d7d55f57d945316c5d87b3c5355578f5fb34a8442594fe6a1603f691f585",
    "https://denopkg.com/jabo-lang/antlr4ts-deno@master/src/dfa/AcceptStateInfo.ts": "e461500763a6ff94285eca64bd783f2e3bc52dde233b2aca7ee63b20fd132e76",
    "https://denopkg.com/jabo-lang/antlr4ts-deno@master/src/dfa/DFA.ts": "0a0c1a0418685836524408a7161b991401fd00a71f737c929e88195de2d76bc3",
    "https://denopkg.com/jabo-lang/antlr4ts-deno@master/src/dfa/DFASerializer.ts": "8cb81c84a4049d8c5d969fca83525fa7e6059e647dec3a2edf095650524ede94",
    "https://denopkg.com/jabo-lang/antlr4ts-deno@master/src/dfa/DFAState.ts": "dbcb698b7254e5c65128a0884d5ce55946db740fe012c447a95e9072411567d4",
    "https://denopkg.com/jabo-lang/antlr4ts-deno@master/src/dfa/LexerDFASerializer.ts": "d19c597ec34922364c2ace43ed46d925d97eb8a7bc8f79c993c66cad83b48189",
    "https://denopkg.com/jabo-lang/antlr4ts-deno@master/src/index.ts": "dd350b2acf9eceb7ea67f845705dbf13b651251077e003d6ae295c9c95a50ebe",
    "https://denopkg.com/jabo-lang/antlr4ts-deno@master/src/misc/Array2DHashMap.ts": "78c582844cd2d729afa77a4de68aa2b8a8d98ab945a9c91821fa11ba358babd6",
    "https://denopkg.com/jabo-lang/antlr4ts-deno@master/src/misc/Array2DHashSet.ts": "5c40db7f7a89ee037dcc51494bf708a928eb05321d7189b7325cf151a51f330b",
    "https://denopkg.com/jabo-lang/antlr4ts-deno@master/src/misc/ArrayEqualityComparator.ts": "93b2197d0b7c3eb307211c7c7a5069f8c1e21f870ee8be4bedb40d70b62ef5a3",
    "https://denopkg.com/jabo-lang/antlr4ts-deno@master/src/misc/Arrays.ts": "b7321bfa9966db9537ce8a0c9c6138aa526c1c2ef3be2d7c7c26b7ddd5aea0af",
    "https://denopkg.com/jabo-lang/antlr4ts-deno@master/src/misc/BitSet.ts": "ada727d7f61d136950ae5448120bf62046ef4d20410eb0f5773f371c9551c690",
    "https://denopkg.com/jabo-lang/antlr4ts-deno@master/src/misc/Character.ts": "b3d0aa83f8cc68f42b578bf50bd3de7343d4c9b5e412e46be5fe0a154e2e2974",
    "https://denopkg.com/jabo-lang/antlr4ts-deno@master/src/misc/DefaultEqualityComparator.ts": "291ccb1646d3de38ed34faab962bc3f1355c82dadeb899cfe91e288bcb41f19f",
    "https://denopkg.com/jabo-lang/antlr4ts-deno@master/src/misc/EqualityComparator.ts": "8139e5abc0af6d54d1fe760e01ea7f737a5078bcee077badd475f276838c1d2a",
    "https://denopkg.com/jabo-lang/antlr4ts-deno@master/src/misc/IntSet.ts": "3e12266f85ba122ddece48bbbae53dcd253b830a8b9ddde2cbf436010e6674bc",
    "https://denopkg.com/jabo-lang/antlr4ts-deno@master/src/misc/IntegerList.ts": "e76aa00e06f45fd1670a1a256c7c204f3570109c803225c91b7b5e6079e2b571",
    "https://denopkg.com/jabo-lang/antlr4ts-deno@master/src/misc/IntegerStack.ts": "21cb2daf4e700c90cc3c7ec1beec0b164f18331a5293eb43a0507c625f307d27",
    "https://denopkg.com/jabo-lang/antlr4ts-deno@master/src/misc/Interval.ts": "34c3b22b33d2709eda80cedf27df4424e197c5b60b7a7b48f3103ba9ca50932c",
    "https://denopkg.com/jabo-lang/antlr4ts-deno@master/src/misc/IntervalSet.ts": "872d064770c3f4878b7094ad16c81295b2df7bd5fd65342a28bddcc626277541",
    "https://denopkg.com/jabo-lang/antlr4ts-deno@master/src/misc/MultiMap.ts": "f1d035db784a0b236d49bdefee9c6d63aa7af5637582227f39fd952ca6f41cfc",
    "https://denopkg.com/jabo-lang/antlr4ts-deno@master/src/misc/MurmurHash.ts": "fb48fe2b3658b677990fb546f54efeae70cd91f8acc7a9ac93a996f7a08e04c7",
    "https://denopkg.com/jabo-lang/antlr4ts-deno@master/src/misc/ObjectEqualityComparator.ts": "8faf02696785874955e06ec20063355af4e06443bf226d7c3dd520d2a3f36e51",
    "https://denopkg.com/jabo-lang/antlr4ts-deno@master/src/misc/ParseCancellationException.ts": "66c91bb3a1c8baa5d13da222fd0405546d05aa3255140a52d964705353ed85f5",
    "https://denopkg.com/jabo-lang/antlr4ts-deno@master/src/misc/Stubs.ts": "4059991562372e15c261255991ba8210ff188707cbd4c3e24d918a677bee21c2",
    "https://denopkg.com/jabo-lang/antlr4ts-deno@master/src/misc/UUID.ts": "9eafb8674c46c01d4c9d58cb0724dd89732b68d8da22b7274935e66881c921c4",
    "https://denopkg.com/jabo-lang/antlr4ts-deno@master/src/misc/Utils.ts": "654356db04e28725ee847e3dac7165c77577bb96528264edba39d780eca62263",
    "https://denopkg.com/jabo-lang/antlr4ts-deno@master/src/tree/AbstractParseTreeVisitor.ts": "08d84f36cb6ad783d3f0a15cbf74ecfef0dbae559a2e943505a36f7678df0ad5",
    "https://denopkg.com/jabo-lang/antlr4ts-deno@master/src/tree/ErrorNode.ts": "a8e17232f41bc990503549736a543a8168c4d663165000af86698b1ed729ce0b",
    "https://denopkg.com/jabo-lang/antlr4ts-deno@master/src/tree/ParseTree.ts": "60a38f2d8c92101c5e17341f6e3eb583bd1e1617bc58bedc4ca17e5baa37f785",
    "https://denopkg.com/jabo-lang/antlr4ts-deno@master/src/tree/ParseTreeListener.ts": "ef4c9237f4e4c71cd604528afa6dfc8bde3af261b6bf1b0e3f9ef1b8e2041392",
    "https://denopkg.com/jabo-lang/antlr4ts-deno@master/src/tree/ParseTreeProperty.ts": "797501bc0784a9ed416f27398375fa6b17dd8854fe725c31ef28e78b5e15c05b",
    "https://denopkg.com/jabo-lang/antlr4ts-deno@master/src/tree/ParseTreeVisitor.ts": "993d9386c72bc9d411700f38a488bbc7ed9e18b6a3bb09fa0ad956c790c86007",
    "https://denopkg.com/jabo-lang/antlr4ts-deno@master/src/tree/ParseTreeWalker.ts": "f287f516b37f6e0189609970ef66dc9254329a81014af4cf3b074c324a3fd1d3",
    "https://denopkg.com/jabo-lang/antlr4ts-deno@master/src/tree/RuleNode.ts": "c54c5fa840e3578db46d1857959ee415d6a3e53ea79240030e6678a9191ffac4",
    "https://denopkg.com/jabo-lang/antlr4ts-deno@master/src/tree/SyntaxTree.ts": "1637da474a7d438717692885b7c531b81804d5fb3483981ca7e07c09fbe2dcb2",
    "https://denopkg.com/jabo-lang/antlr4ts-deno@master/src/tree/TerminalNode.ts": "ba13681c2d0ca58cb3a77b93004f522dc9bf08263eaf96247acf1b4edbd18363",
    "https://denopkg.com/jabo-lang/antlr4ts-deno@master/src/tree/Tree.ts": "7bddff5483860fa5b3d804cf2848de1a6af00a69ba47a9b93a7d9dac04f74797",
    "https://denopkg.com/jabo-lang/antlr4ts-deno@master/src/tree/Trees.ts": "74ab37bcf7b807d4050c7677b7627d620334fc1db1c48589814d9f58f9559fc9",
    "https://denopkg.com/jabo-lang/antlr4ts-deno@master/src/tree/index.ts": "c8d1ad312a18dfa7b6345562ebcb6315a7c219e409ee84e0c8896ad895451159",
    "https://denopkg.com/jabo-lang/antlr4ts-deno@master/src/tree/pattern/Chunk.ts": "4405dcda62a1af5bb9c4e216df3244e75086845ae60ba631660192afbaf16831",
    "https://denopkg.com/jabo-lang/antlr4ts-deno@master/src/tree/pattern/ParseTreeMatch.ts": "b8884bbe7bb83cd2015eaf6ee696333e0dcfec7bae443f8466931135dbddf5db",
    "https://denopkg.com/jabo-lang/antlr4ts-deno@master/src/tree/pattern/ParseTreePattern.ts": "c850e193294b6b5aeca5c80d716f41e8dc969224f20558de7c784f59cfa90c9c",
    "https://denopkg.com/jabo-lang/antlr4ts-deno@master/src/tree/pattern/ParseTreePatternMatcher.ts": "7995df3b7c6c21db2683c9fb6be6d97b2bd6607043f511b3c01359c4fa5ffe93",
    "https://denopkg.com/jabo-lang/antlr4ts-deno@master/src/tree/pattern/RuleTagToken.ts": "5637211cfb2447d00141644569bf46681238abbecaef519dfe4e6bcc758c8ea4",
    "https://denopkg.com/jabo-lang/antlr4ts-deno@master/src/tree/pattern/TagChunk.ts": "65877c1817032bcb1db09bc8a2b0f4aa91a08760f782c0d39279ee158638b7e7",
    "https://denopkg.com/jabo-lang/antlr4ts-deno@master/src/tree/pattern/TextChunk.ts": "4a56741eac119e0a98a1ff6596dd175dbe4daa8a940f3ea8769b62e65e766692",
    "https://denopkg.com/jabo-lang/antlr4ts-deno@master/src/tree/pattern/TokenTagToken.ts": "0788b9ce0bece872ed5bc1e2873e89a63e5ae5e7d04b6928b616542e73b93f34",
    "https://denopkg.com/jabo-lang/antlr4ts-deno@master/src/tree/xpath/XPath.ts": "0807e9ba4c441f45e9ab26ca36f119ee3cac2a0944bfe609384be5a6d8e8e656",
    "https://denopkg.com/jabo-lang/antlr4ts-deno@master/src/tree/xpath/XPathElement.ts": "1109fa20a94d0131e2903a19e839764d5d87802f989b48b08fadc1480bce9d4a",
    "https://denopkg.com/jabo-lang/antlr4ts-deno@master/src/tree/xpath/XPathLexer.ts": "8f8d3e8c35494e1a5df5fda94a2183afc49f34b5f3409cab62325c1443426c35",
    "https://denopkg.com/jabo-lang/antlr4ts-deno@master/src/tree/xpath/XPathLexerErrorListener.ts": "e8c11df9949d92b6b4d01e17ee9c31152dab68e15aaa756a0520b97854d471a5",
    "https://denopkg.com/jabo-lang/antlr4ts-deno@master/src/tree/xpath/XPathRuleAnywhereElement.ts": "9cf9a568f219c4cee388693182d02ddc8596b886dd731c61f4b587b5aabc57dd",
    "https://denopkg.com/jabo-lang/antlr4ts-deno@master/src/tree/xpath/XPathRuleElement.ts": "b60ff7dd098a24e2fea28299df5e3f940fea14e5717f06d85e005de2929a149d",
    "https://denopkg.com/jabo-lang/antlr4ts-deno@master/src/tree/xpath/XPathTokenAnywhereElement.ts": "9a3e39e9d5034d4486b1f85f325724c3d3ce5567c0f9295180b40586dbc625de",
    "https://denopkg.com/jabo-lang/antlr4ts-deno@master/src/tree/xpath/XPathTokenElement.ts": "54e1d76eefdd8a7e72ffe516354db977c3d27b145cc3f2eb85e75dcd4fea8362",
    "https://denopkg.com/jabo-lang/antlr4ts-deno@master/src/tree/xpath/XPathWildcardAnywhereElement.ts": "11c1703a8aa4110dab6a3cac90fc98875ce0910ce9fa3f4bd083c4aebace3dd5",
    "https://denopkg.com/jabo-lang/antlr4ts-deno@master/src/tree/xpath/XPathWildcardElement.ts": "da82d055f64880faee420b502810c880ae7867bd5697667f5b82772ff57274da"
  },
  "npm": {
    "specifiers": {
      "ts-pattern@5.0.1": "ts-pattern@5.0.1",
      "ts-pattern@5.0.5": "ts-pattern@5.0.5"
    },
    "packages": {
      "ts-pattern@5.0.1": {
        "integrity": "sha512-ZyNm28Lsg34Co5DS3e9DVyjlX2Y+2exkI4jqTKyU+9/OL6Y2fKOOuL8i+7no71o74C6mVS+UFoP3ekM3iCT1HQ==",
        "dependencies": {}
      },
      "ts-pattern@5.0.5": {
        "integrity": "sha512-tL0w8U/pgaacOmkb9fRlYzWEUDCfVjjv9dD4wHTgZ61MjhuMt46VNWTG747NqW6vRzoWIKABVhFSOJ82FvXrfA==",
        "dependencies": {}
      }
    }
  }
}
